
Microsoft Visual Studio Solution File, Format Version 12.00
# Visual Studio Express 2013 for Windows Desktop
VisualStudioVersion = 12.0.30723.0
MinimumVisualStudioVersion = 10.0.40219.1
Project("{8BC9CEB8-8B4A-11D0-8D11-00A0C91BC942}") = "mna", "mna.vcxproj", "{D4247D99-757A-4D49-B81F-481565DCEBED}"
EndProject
Project("{8BC9CEB8-8B4A-11D0-8D11-00A0C91BC942}") = "tests", "tests\tests.vcxproj", "{04D94F3C-FDC3-4D28-B907-191B4936311D}"
	ProjectSection(ProjectDependencies) = postProject
		{C8F6C172-56F2-4E76-B5FA-C3B423B31BE7} = {C8F6C172-56F2-4E76-B5FA-C3B423B31BE7}
		{3AF54C8A-10BF-4332-9147-F68ED9862032} = {3AF54C8A-10BF-4332-9147-F68ED9862032}
		{D4247D99-757A-4D49-B81F-481565DCEBED} = {D4247D99-757A-4D49-B81F-481565DCEBED}
	EndProjectSection
EndProject
Project("{8BC9CEB8-8B4A-11D0-8D11-00A0C91BC942}") = "gtest", "lib\gtest-1.7.0\msvc\gtest.vcxproj", "{C8F6C172-56F2-4E76-B5FA-C3B423B31BE7}"
	ProjectSection(ProjectDependencies) = postProject
		{3AF54C8A-10BF-4332-9147-F68ED9862032} = {3AF54C8A-10BF-4332-9147-F68ED9862032}
	EndProjectSection
EndProject
Project("{8BC9CEB8-8B4A-11D0-8D11-00A0C91BC942}") = "gtest_main", "lib\gtest-1.7.0\msvc\gtest_main.vcxproj", "{3AF54C8A-10BF-4332-9147-F68ED9862032}"
EndProject
Global
	GlobalSection(SolutionConfigurationPlatforms) = preSolution
		Debug|Win32 = Debug|Win32
		Release|Win32 = Release|Win32
	EndGlobalSection
	GlobalSection(ProjectConfigurationPlatforms) = postSolution
		{D4247D99-757A-4D49-B81F-481565DCEBED}.Debug|Win32.ActiveCfg = Debug|Win32
		{D4247D99-757A-4D49-B81F-481565DCEBED}.Debug|Win32.Build.0 = Debug|Win32
		{D4247D99-757A-4D49-B81F-481565DCEBED}.Release|Win32.ActiveCfg = Release|Win32
		{D4247D99-757A-4D49-B81F-481565DCEBED}.Release|Win32.Build.0 = Release|Win32
		{04D94F3C-FDC3-4D28-B907-191B4936311D}.Debug|Win32.ActiveCfg = Debug|Win32
		{04D94F3C-FDC3-4D28-B907-191B4936311D}.Debug|Win32.Build.0 = Debug|Win32
		{04D94F3C-FDC3-4D28-B907-191B4936311D}.Release|Win32.ActiveCfg = Release|Win32
		{C8F6C172-56F2-4E76-B5FA-C3B423B31BE7}.Debug|Win32.ActiveCfg = Debug|Win32
		{C8F6C172-56F2-4E76-B5FA-C3B423B31BE7}.Debug|Win32.Build.0 = Debug|Win32
		{C8F6C172-56F2-4E76-B5FA-C3B423B31BE7}.Release|Win32.ActiveCfg = Release|Win32
		{3AF54C8A-10BF-4332-9147-F68ED9862032}.Debug|Win32.ActiveCfg = Debug|Win32
		{3AF54C8A-10BF-4332-9147-F68ED9862032}.Debug|Win32.Build.0 = Debug|Win32
		{3AF54C8A-10BF-4332-9147-F68ED9862032}.Release|Win32.ActiveCfg = Release|Win32
	EndGlobalSection
	GlobalSection(SolutionProperties) = preSolution
		HideSolutionNode = FALSE
	EndGlobalSection
EndGlobal
